schema_version: realistic-evaluator-image/v1
status: pending-publication
runtime:
  node: 22.19.0
  bun: 1.3.11
  playwright: 1.61.1
  browser: chromium
base_image: node:22.19.0-bookworm@sha256:f2bf1588ef7e8dd183d9e4cb4330a0d952204b7348ead42afb1aab11f9c4911b
image_digest: null
local_validation:
  docker_config_digest: sha256:1a9bd4264c2d7e3cba9d4d95c82b5f07122b01672f3de76026118834eaf72034
  verified_on: 2026-07-22
publication_requirement: >-
  A formal task revision must replace null with the immutable OCI manifest
  digest from the protected registry. The local config digest only records a
  successful developer build; local image IDs and tags are not valid formally.
